// !$*UTF8*$!
{
	archiveVersion = 1;
	classes = {
	};
	objectVersion = 46;
	objects = {

/* Begin PBXBuildFile section */
		5520E3E61E6FE9D1004EEEA5 /* PlayPointerTest.m in Sources */ = {isa = PBXBuildFile; fileRef = 5520E3E51E6FE9D1004EEEA5 /* PlayPointerTest.m */; };
		552AA3231E498C3A00504E6B /* RegrexTest.m in Sources */ = {isa = PBXBuildFile; fileRef = 552AA3221E498C3A00504E6B /* RegrexTest.m */; };
		5544B78B1DBA0632004CA4FB /* main.m in Sources */ = {isa = PBXBuildFile; fileRef = 5544B78A1DBA0632004CA4FB /* main.m */; };
		5544B7931DBA066E004CA4FB /* DNPerson.m in Sources */ = {isa = PBXBuildFile; fileRef = 5544B7921DBA066E004CA4FB /* DNPerson.m */; };
		555C626A1E794EF900A9FA7A /* CharacterSet.m in Sources */ = {isa = PBXBuildFile; fileRef = 555C62691E794EF900A9FA7A /* CharacterSet.m */; };
		55A9A5ED1E8546A3005F7A88 /* DelayTest.m in Sources */ = {isa = PBXBuildFile; fileRef = 55A9A5EC1E8546A3005F7A88 /* DelayTest.m */; };
		55CBABE61DE7E3E800DA4616 /* Compartor.m in Sources */ = {isa = PBXBuildFile; fileRef = 55CBABE51DE7E3E800DA4616 /* Compartor.m */; };
		A5DEAAD51E9BB86900BB54CC /* NSString+Addtion.m in Sources */ = {isa = PBXBuildFile; fileRef = A5DEAAD41E9BB86900BB54CC /* NSString+Addtion.m */; };
/* End PBXBuildFile section */

/* Begin PBXCopyFilesBuildPhase section */
		5544B7851DBA0632004CA4FB /* CopyFiles */ = {
			isa = PBXCopyFilesBuildPhase;
			buildActionMask = 2147483647;
			dstPath = /usr/share/man/man1/;
			dstSubfolderSpec = 0;
			files = (
			);
			runOnlyForDeploymentPostprocessing = 1;
		};
/* End PBXCopyFilesBuildPhase section */

/* Begin PBXFileReference section */
		5520E3E41E6FE9D1004EEEA5 /* PlayPointerTest.h */ = {isa = PBXFileReference; fileEncoding = 4; lastKnownFileType = sourcecode.c.h; path = PlayPointerTest.h; sourceTree = "<group>"; };
		5520E3E51E6FE9D1004EEEA5 /* PlayPointerTest.m */ = {isa = PBXFileReference; fileEncoding = 4; lastKnownFileType = sourcecode.c.objc; path = PlayPointerTest.m; sourceTree = "<group>"; };
		552AA3211E498C3A00504E6B /* RegrexTest.h */ = {isa = PBXFileReference; fileEncoding = 4; lastKnownFileType = sourcecode.c.h; path = RegrexTest.h; sourceTree = "<group>"; };
		552AA3221E498C3A00504E6B /* RegrexTest.m */ = {isa = PBXFileReference; fileEncoding = 4; lastKnownFileType = sourcecode.c.objc; path = RegrexTest.m; sourceTree = "<group>"; };
		5544B7871DBA0632004CA4FB /* PlayWithNSCopy */ = {isa = PBXFileReference; explicitFileType = "compiled.mach-o.executable"; includeInIndex = 0; path = PlayWithNSCopy; sourceTree = BUILT_PRODUCTS_DIR; };
		5544B78A1DBA0632004CA4FB /* main.m */ = {isa = PBXFileReference; lastKnownFileType = sourcecode.c.objc; path = main.m; sourceTree = "<group>"; };
		5544B7911DBA066E004CA4FB /* DNPerson.h */ = {isa = PBXFileReference; fileEncoding = 4; lastKnownFileType = sourcecode.c.h; path = DNPerson.h; sourceTree = "<group>"; };
		5544B7921DBA066E004CA4FB /* DNPerson.m */ = {isa = PBXFileReference; fileEncoding = 4; lastKnownFileType = sourcecode.c.objc; path = DNPerson.m; sourceTree = "<group>"; };
		555C62681E794EF900A9FA7A /* CharacterSet.h */ = {isa = PBXFileReference; fileEncoding = 4; lastKnownFileType = sourcecode.c.h; path = CharacterSet.h; sourceTree = "<group>"; };
		555C62691E794EF900A9FA7A /* CharacterSet.m */ = {isa = PBXFileReference; fileEncoding = 4; lastKnownFileType = sourcecode.c.objc; path = CharacterSet.m; sourceTree = "<group>"; };
		55A9A5EB1E8546A3005F7A88 /* DelayTest.h */ = {isa = PBXFileReference; fileEncoding = 4; lastKnownFileType = sourcecode.c.h; path = DelayTest.h; sourceTree = "<group>"; };
		55A9A5EC1E8546A3005F7A88 /* DelayTest.m */ = {isa = PBXFileReference; fileEncoding = 4; lastKnownFileType = sourcecode.c.objc; path = DelayTest.m; sourceTree = "<group>"; };
		55CBABE41DE7E3E800DA4616 /* Compartor.h */ = {isa = PBXFileReference; fileEncoding = 4; lastKnownFileType = sourcecode.c.h; path = Compartor.h; sourceTree = "<group>"; };
		55CBABE51DE7E3E800DA4616 /* Compartor.m */ = {isa = PBXFileReference; fileEncoding = 4; lastKnownFileType = sourcecode.c.objc; path = Compartor.m; sourceTree = "<group>"; };
		A5DEAAD31E9BB86900BB54CC /* NSString+Addtion.h */ = {isa = PBXFileReference; fileEncoding = 4; lastKnownFileType = sourcecode.c.h; path = "NSString+Addtion.h"; sourceTree = "<group>"; };
		A5DEAAD41E9BB86900BB54CC /* NSString+Addtion.m */ = {isa = PBXFileReference; fileEncoding = 4; lastKnownFileType = sourcecode.c.objc; path = "NSString+Addtion.m"; sourceTree = "<group>"; };
/* End PBXFileReference section */

/* Begin PBXFrameworksBuildPhase section */
		5544B7841DBA0632004CA4FB /* Frameworks */ = {
			isa = PBXFrameworksBuildPhase;
			buildActionMask = 2147483647;
			files = (
			);
			runOnlyForDeploymentPostprocessing = 0;
		};
/* End PBXFrameworksBuildPhase section */

/* Begin PBXGroup section */
		5544B77E1DBA0632004CA4FB = {
			isa = PBXGroup;
			children = (
				5544B7891DBA0632004CA4FB /* PlayWithNSCopy */,
				5544B7881DBA0632004CA4FB /* Products */,
			);
			sourceTree = "<group>";
		};
		5544B7881DBA0632004CA4FB /* Products */ = {
			isa = PBXGroup;
			children = (
				5544B7871DBA0632004CA4FB /* PlayWithNSCopy */,
			);
			name = Products;
			sourceTree = "<group>";
		};
		5544B7891DBA0632004CA4FB /* PlayWithNSCopy */ = {
			isa = PBXGroup;
			children = (
				A5DEAAD21E9BB7D900BB54CC /* DRCatogery */,
				5544B78A1DBA0632004CA4FB /* main.m */,
				555C62681E794EF900A9FA7A /* CharacterSet.h */,
				555C62691E794EF900A9FA7A /* CharacterSet.m */,
				5544B7911DBA066E004CA4FB /* DNPerson.h */,
				5544B7921DBA066E004CA4FB /* DNPerson.m */,
				55CBABE41DE7E3E800DA4616 /* Compartor.h */,
				55CBABE51DE7E3E800DA4616 /* Compartor.m */,
				552AA3211E498C3A00504E6B /* RegrexTest.h */,
				552AA3221E498C3A00504E6B /* RegrexTest.m */,
				5520E3E41E6FE9D1004EEEA5 /* PlayPointerTest.h */,
				5520E3E51E6FE9D1004EEEA5 /* PlayPointerTest.m */,
				55A9A5EB1E8546A3005F7A88 /* DelayTest.h */,
				55A9A5EC1E8546A3005F7A88 /* DelayTest.m */,
			);
			path = PlayWithNSCopy;
			sourceTree = "<group>";
		};
		A5DEAAD21E9BB7D900BB54CC /* DRCatogery */ = {
			isa = PBXGroup;
			children = (
				A5DEAAD31E9BB86900BB54CC /* NSString+Addtion.h */,
				A5DEAAD41E9BB86900BB54CC /* NSString+Addtion.m */,
			);
			name = DRCatogery;
			sourceTree = "<group>";
		};
/* End PBXGroup section */

/* Begin PBXNativeTarget section */
		5544B7861DBA0632004CA4FB /* PlayWithNSCopy */ = {
			isa = PBXNativeTarget;
			buildConfigurationList = 5544B78E1DBA0632004CA4FB /* Build configuration list for PBXNativeTarget "PlayWithNSCopy" */;
			buildPhases = (
				5544B7831DBA0632004CA4FB /* Sources */,
				5544B7841DBA0632004CA4FB /* Frameworks */,
				5544B7851DBA0632004CA4FB /* CopyFiles */,
			);
			buildRules = (
			);
			dependencies = (
			);
			name = PlayWithNSCopy;
			productName = PlayWithNSCopy;
			productReference = 5544B7871DBA0632004CA4FB /* PlayWithNSCopy */;
			productType = "com.apple.product-type.tool";
		};
/* End PBXNativeTarget section */

/* Begin PBXProject section */
		5544B77F1DBA0632004CA4FB /* Project object */ = {
			isa = PBXProject;
			attributes = {
				LastUpgradeCheck = 0800;
				ORGANIZATIONNAME = Caotingjun;
				TargetAttributes = {
					5544B7861DBA0632004CA4FB = {
						CreatedOnToolsVersion = 8.0;
						ProvisioningStyle = Automatic;
					};
				};
			};
			buildConfigurationList = 5544B7821DBA0632004CA4FB /* Build configuration list for PBXProject "PlayWithNSCopy" */;
			compatibilityVersion = "Xcode 3.2";
			developmentRegion = English;
			hasScannedForEncodings = 0;
			knownRegions = (
				en,
			);
			mainGroup = 5544B77E1DBA0632004CA4FB;
			productRefGroup = 5544B7881DBA0632004CA4FB /* Products */;
			projectDirPath = "";
			projectRoot = "";
			targets = (
				5544B7861DBA0632004CA4FB /* PlayWithNSCopy */,
			);
		};
/* End PBXProject section */

/* Begin PBXSourcesBuildPhase section */
		5544B7831DBA0632004CA4FB /* Sources */ = {
			isa = PBXSourcesBuildPhase;
			buildActionMask = 2147483647;
			files = (
				552AA3231E498C3A00504E6B /* RegrexTest.m in Sources */,
				55CBABE61DE7E3E800DA4616 /* Compartor.m in Sources */,
				55A9A5ED1E8546A3005F7A88 /* DelayTest.m in Sources */,
				A5DEAAD51E9BB86900BB54CC /* NSString+Addtion.m in Sources */,
				5520E3E61E6FE9D1004EEEA5 /* PlayPointerTest.m in Sources */,
				5544B7931DBA066E004CA4FB /* DNPerson.m in Sources */,
				555C626A1E794EF900A9FA7A /* CharacterSet.m in Sources */,
				5544B78B1DBA0632004CA4FB /* main.m in Sources */,
			);
			runOnlyForDeploymentPostprocessing = 0;
		};
/* End PBXSourcesBuildPhase section */

/* Begin XCBuildConfiguration section */
		5544B78C1DBA0632004CA4FB /* Debug */ = {
			isa = XCBuildConfiguration;
			buildSettings = {
				ALWAYS_SEARCH_USER_PATHS = NO;
				CLANG_ANALYZER_NONNULL = YES;
				CLANG_CXX_LANGUAGE_STANDARD = "gnu++0x";
				CLANG_CXX_LIBRARY = "libc++";
				CLANG_ENABLE_MODULES = YES;
				CLANG_ENABLE_OBJC_ARC = YES;
				CLANG_WARN_BOOL_CONVERSION = YES;
				CLANG_WARN_CONSTANT_CONVERSION = YES;
				CLANG_WARN_DIRECT_OBJC_ISA_USAGE = YES_ERROR;
				CLANG_WARN_DOCUMENTATION_COMMENTS = YES;
				CLANG_WARN_EMPTY_BODY = YES;
				CLANG_WARN_ENUM_CONVERSION = YES;
				CLANG_WARN_INFINITE_RECURSION = YES;
				CLANG_WARN_INT_CONVERSION = YES;
				CLANG_WARN_OBJC_ROOT_CLASS = YES_ERROR;
				CLANG_WARN_SUSPICIOUS_MOVES = YES;
				CLANG_WARN_UNREACHABLE_CODE = YES;
				CLANG_WARN__DUPLICATE_METHOD_MATCH = YES;
				CODE_SIGN_IDENTITY = "-";
				COPY_PHASE_STRIP = NO;
				DEBUG_INFORMATION_FORMAT = dwarf;
				ENABLE_STRICT_OBJC_MSGSEND = YES;
				ENABLE_TESTABILITY = YES;
				GCC_C_LANGUAGE_STANDARD = gnu99;
				GCC_DYNAMIC_NO_PIC = NO;
				GCC_NO_COMMON_BLOCKS = YES;
				GCC_OPTIMIZATION_LEVEL = 0;
				GCC_PREPROCESSOR_DEFINITIONS = (
					"DEBUG=1",
					"$(inherited)",
				);
				GCC_WARN_64_TO_32_BIT_CONVERSION = YES;
				GCC_WARN_ABOUT_RETURN_TYPE = YES_ERROR;
				GCC_WARN_UNDECLARED_SELECTOR = YES;
				GCC_WARN_UNINITIALIZED_AUTOS = YES_AGGRESSIVE;
				GCC_WARN_UNUSED_FUNCTION = YES;
				GCC_WARN_UNUSED_VARIABLE = YES;
				MACOSX_DEPLOYMENT_TARGET = 10.11;
				MTL_ENABLE_DEBUG_INFO = YES;
				ONLY_ACTIVE_ARCH = YES;
				SDKROOT = macosx;
			};
			name = Debug;
		};
		5544B78D1DBA0632004CA4FB /* Release */ = {
			isa = XCBuildConfiguration;
			buildSettings = {
				ALWAYS_SEARCH_USER_PATHS = NO;
				CLANG_ANALYZER_NONNULL = YES;
				CLANG_CXX_LANGUAGE_STANDARD = "gnu++0x";
				CLANG_CXX_LIBRARY = "libc++";
				CLANG_ENABLE_MODULES = YES;
				CLANG_ENABLE_OBJC_ARC = YES;
				CLANG_WARN_BOOL_CONVERSION = YES;
				CLANG_WARN_CONSTANT_CONVERSION = YES;
				CLANG_WARN_DIRECT_OBJC_ISA_USAGE = YES_ERROR;
				CLANG_WARN_DOCUMENTATION_COMMENTS = YES;
				CLANG_WARN_EMPTY_BODY = YES;
				CLANG_WARN_ENUM_CONVERSION = YES;
				CLANG_WARN_INFINITE_RECURSION = YES;
				CLANG_WARN_INT_CONVERSION = YES;
				CLANG_WARN_OBJC_ROOT_CLASS = YES_ERROR;
				CLANG_WARN_SUSPICIOUS_MOVES = YES;
				CLANG_WARN_UNREACHABLE_CODE = YES;
				CLANG_WARN__DUPLICATE_METHOD_MATCH = YES;
				CODE_SIGN_IDENTITY = "-";
				COPY_PHASE_STRIP = NO;
				DEBUG_INFORMATION_FORMAT = "dwarf-with-dsym";
				ENABLE_NS_ASSERTIONS = NO;
				ENABLE_STRICT_OBJC_MSGSEND = YES;
				GCC_C_LANGUAGE_STANDARD = gnu99;
				GCC_NO_COMMON_BLOCKS = YES;
				GCC_WARN_64_TO_32_BIT_CONVERSION = YES;
				GCC_WARN_ABOUT_RETURN_TYPE = YES_ERROR;
				GCC_WARN_UNDECLARED_SELECTOR = YES;
				GCC_WARN_UNINITIALIZED_AUTOS = YES_AGGRESSIVE;
				GCC_WARN_UNUSED_FUNCTION = YES;
				GCC_WARN_UNUSED_VARIABLE = YES;
				MACOSX_DEPLOYMENT_TARGET = 10.11;
				MTL_ENABLE_DEBUG_INFO = NO;
				SDKROOT = macosx;
			};
			name = Release;
		};
		5544B78F1DBA0632004CA4FB /* Debug */ = {
			isa = XCBuildConfiguration;
			buildSettings = {
				PRODUCT_NAME = "$(TARGET_NAME)";
			};
			name = Debug;
		};
		5544B7901DBA0632004CA4FB /* Release */ = {
			isa = XCBuildConfiguration;
			buildSettings = {
				PRODUCT_NAME = "$(TARGET_NAME)";
			};
			name = Release;
		};
/* End XCBuildConfiguration section */

/* Begin XCConfigurationList section */
		5544B7821DBA0632004CA4FB /* Build configuration list for PBXProject "PlayWithNSCopy" */ = {
			isa = XCConfigurationList;
			buildConfigurations = (
				5544B78C1DBA0632004CA4FB /* Debug */,
				5544B78D1DBA0632004CA4FB /* Release */,
			);
			defaultConfigurationIsVisible = 0;
			defaultConfigurationName = Release;
		};
		5544B78E1DBA0632004CA4FB /* Build configuration list for PBXNativeTarget "PlayWithNSCopy" */ = {
			isa = XCConfigurationList;
			buildConfigurations = (
				5544B78F1DBA0632004CA4FB /* Debug */,
				5544B7901DBA0632004CA4FB /* Release */,
			);
			defaultConfigurationIsVisible = 0;
			defaultConfigurationName = Release;
		};
/* End XCConfigurationList section */
	};
	rootObject = 5544B77F1DBA0632004CA4FB /* Project object */;
}
